# This file is generated by running "yarn install" inside your project.
# Manual changes might be lost - proceed with caution!

__metadata:
  version: 6
  cacheKey: 8

"@tensorflow/tfjs-backend-cpu@npm:4.2.0":
  version: 4.2.0
  resolution: "@tensorflow/tfjs-backend-cpu@npm:4.2.0"
  dependencies:
    "@types/seedrandom": ^2.4.28
    seedrandom: ^3.0.5
  peerDependencies:
    "@tensorflow/tfjs-core": 4.2.0
  checksum: 96b04ee8c25a21c58f9e1144de8f5beb9a65a19234e65e502494d5caeae7cc92d7e00b0d3b5a6a40d4caa978700a959183d71fbf214dc29fecf5321804437032
  languageName: node
  linkType: hard

"@tensorflow/tfjs-backend-webgl@npm:4.2.0":
  version: 4.2.0
  resolution: "@tensorflow/tfjs-backend-webgl@npm:4.2.0"
  dependencies:
    "@tensorflow/tfjs-backend-cpu": 4.2.0
    "@types/offscreencanvas": ~2019.3.0
    "@types/seedrandom": ^2.4.28
    "@types/webgl-ext": 0.0.30
    seedrandom: ^3.0.5
  peerDependencies:
    "@tensorflow/tfjs-core": 4.2.0
  checksum: 8acaab403a4f4c3942bf3f5bceeed53dbb56baa0063ad7d457e706baffca050cd042fdcf1a0c4cde445395efdffd098921554555776576c6d21533a46ef6ead0
  languageName: node
  linkType: hard

"@tensorflow/tfjs-converter@npm:4.2.0":
  version: 4.2.0
  resolution: "@tensorflow/tfjs-converter@npm:4.2.0"
  peerDependencies:
    "@tensorflow/tfjs-core": 4.2.0
  checksum: d6654e15af4d4e9d4fb47817b866f03775cda8a94f3c03e4089161b57c1f1f281938fe4d7795f90cf43cc9ee5478106f0338439b781367f5dce363a63d155852
  languageName: node
  linkType: hard

"@tensorflow/tfjs-core@npm:4.2.0":
  version: 4.2.0
  resolution: "@tensorflow/tfjs-core@npm:4.2.0"
  dependencies:
    "@types/long": ^4.0.1
    "@types/offscreencanvas": ~2019.7.0
    "@types/seedrandom": ^2.4.28
    "@types/webgl-ext": 0.0.30
    "@webgpu/types": 0.1.21
    long: 4.0.0
    node-fetch: ~2.6.1
    seedrandom: ^3.0.5
  checksum: 88b680f955369b58343e7683b3a77fa5c2569b387c8b61bf90985293428bdbed4504d0da038bad39def4efc95659f2b75041ae6f41cbacb6ac7c6d44d7ccd456
  languageName: node
  linkType: hard

"@tensorflow/tfjs-data@npm:4.2.0":
  version: 4.2.0
  resolution: "@tensorflow/tfjs-data@npm:4.2.0"
  dependencies:
    "@types/node-fetch": ^2.1.2
    node-fetch: ~2.6.1
    string_decoder: ^1.3.0
  peerDependencies:
    "@tensorflow/tfjs-core": 4.2.0
    seedrandom: ^3.0.5
  checksum: 89d6c4356d4219112b30a763319d41587b8f8d82fe8d055ea7721ca93694d6af22971d0497b00a54b831c740545100ecf978a9142efcd8275acb5b91e38ff02a
  languageName: node
  linkType: hard

"@tensorflow/tfjs-layers@npm:4.2.0":
  version: 4.2.0
  resolution: "@tensorflow/tfjs-layers@npm:4.2.0"
  peerDependencies:
    "@tensorflow/tfjs-core": 4.2.0
  checksum: 7e6fe9ac37c91d8773b96643ff9d725af748e9cf2e9cef4d1af43ad444581e5ecdb736a1ee66e9a2c055eb6f6d7c5cc2f341fbb44d9da262a17096ad692028bd
  languageName: node
  linkType: hard

"@tensorflow/tfjs@npm:^4.2.0":
  version: 4.2.0
  resolution: "@tensorflow/tfjs@npm:4.2.0"
  dependencies:
    "@tensorflow/tfjs-backend-cpu": 4.2.0
    "@tensorflow/tfjs-backend-webgl": 4.2.0
    "@tensorflow/tfjs-converter": 4.2.0
    "@tensorflow/tfjs-core": 4.2.0
    "@tensorflow/tfjs-data": 4.2.0
    "@tensorflow/tfjs-layers": 4.2.0
    argparse: ^1.0.10
    chalk: ^4.1.0
    core-js: 3
    regenerator-runtime: ^0.13.5
    yargs: ^16.0.3
  bin:
    tfjs-custom-module: dist/tools/custom_module/cli.js
  checksum: f98ac7c5f97a0aaddb7c109140a0ea8b062d0a5727c1512e71ccf3b4512f25962b174bcfbb16cccd7aea4ba18c4999b84c0ca84f16b43a20316b234a3460b395
  languageName: node
  linkType: hard

"@types/long@npm:^4.0.1":
  version: 4.0.2
  resolution: "@types/long@npm:4.0.2"
  checksum: d16cde7240d834cf44ba1eaec49e78ae3180e724cd667052b194a372f350d024cba8dd3f37b0864931683dab09ca935d52f0c4c1687178af5ada9fc85b0635f4
  languageName: node
  linkType: hard

"@types/node-fetch@npm:^2.1.2":
  version: 2.6.2
  resolution: "@types/node-fetch@npm:2.6.2"
  dependencies:
    "@types/node": "*"
    form-data: ^3.0.0
  checksum: 6f73b1470000d303d25a6fb92875ea837a216656cb7474f66cdd67bb014aa81a5a11e7ac9c21fe19bee9ecb2ef87c1962bceeaec31386119d1ac86e4c30ad7a6
  languageName: node
  linkType: hard

"@types/node@npm:*":
  version: 18.14.6
  resolution: "@types/node@npm:18.14.6"
  checksum: 2f88f482cabadc6dbddd627a1674239e68c3c9beab56eb4ae2309fb96fd17fc3a509d99b0309bafe13b58529574f49ecf3a583f2ebe2896dd32fe4be436dc96e
  languageName: node
  linkType: hard

"@types/offscreencanvas@npm:~2019.3.0":
  version: 2019.3.0
  resolution: "@types/offscreencanvas@npm:2019.3.0"
  checksum: 006361d170aac80925b16a8c0421d5ee7bfe6acb5cd6b22407e2c28be091becc7de5ba1fd21293a1fdff70648918d9c035001ffafd4d6c49d1c5a22dab88ed0d
  languageName: node
  linkType: hard

"@types/offscreencanvas@npm:~2019.7.0":
  version: 2019.7.0
  resolution: "@types/offscreencanvas@npm:2019.7.0"
  checksum: 018cfcd19e0c59c44d14ba61caaca7246f77fbb512839c7881654b7f2b6591dbdd5857362eccbf49f29cdc93724e71a4b37c8b6cf203388f9c04e913a53ea390
  languageName: node
  linkType: hard

"@types/seedrandom@npm:^2.4.28":
  version: 2.4.30
  resolution: "@types/seedrandom@npm:2.4.30"
  checksum: 1bcf634bb0146b5de443d4581556795e52186f830072ef12f42efb6f15a4e9950630f1c4322356df0f39e953436d4fb17b5fb2834e867ff6cf6e5570849ebad2
  languageName: node
  linkType: hard

"@types/webgl-ext@npm:0.0.30":
  version: 0.0.30
  resolution: "@types/webgl-ext@npm:0.0.30"
  checksum: c98aa8af2d24d54dc29d836aed0ca5acff45903dc91879d62110e84e615024ca071af69d1dcff26857aa2ab80c86bea9373d718616dcc61dbfdc6a6dd917a064
  languageName: node
  linkType: hard

"@webgpu/types@npm:0.1.21":
  version: 0.1.21
  resolution: "@webgpu/types@npm:0.1.21"
  checksum: b16ddc4d46a3c507a7f243f14b08b96ebbdb4495f9ea703441ad3525dd5e7e4a5f743f2879e51d74c78846f950e7d60c1349670f75cb7ca03ac3ddf51d46aabe
  languageName: node
  linkType: hard

"ansi-regex@npm:^5.0.1":
  version: 5.0.1
  resolution: "ansi-regex@npm:5.0.1"
  checksum: 2aa4bb54caf2d622f1afdad09441695af2a83aa3fe8b8afa581d205e57ed4261c183c4d3877cee25794443fde5876417d859c108078ab788d6af7e4fe52eb66b
  languageName: node
  linkType: hard

"ansi-styles@npm:^4.0.0, ansi-styles@npm:^4.1.0":
  version: 4.3.0
  resolution: "ansi-styles@npm:4.3.0"
  dependencies:
    color-convert: ^2.0.1
  checksum: 513b44c3b2105dd14cc42a19271e80f386466c4be574bccf60b627432f9198571ebf4ab1e4c3ba17347658f4ee1711c163d574248c0c1cdc2d5917a0ad582ec4
  languageName: node
  linkType: hard

"argparse@npm:^1.0.10":
  version: 1.0.10
  resolution: "argparse@npm:1.0.10"
  dependencies:
    sprintf-js: ~1.0.2
  checksum: 7ca6e45583a28de7258e39e13d81e925cfa25d7d4aacbf806a382d3c02fcb13403a07fb8aeef949f10a7cfe4a62da0e2e807b348a5980554cc28ee573ef95945
  languageName: node
  linkType: hard

"asynckit@npm:^0.4.0":
  version: 0.4.0
  resolution: "asynckit@npm:0.4.0"
  checksum: 7b78c451df768adba04e2d02e63e2d0bf3b07adcd6e42b4cf665cb7ce899bedd344c69a1dcbce355b5f972d597b25aaa1c1742b52cffd9caccb22f348114f6be
  languageName: node
  linkType: hard

"chalk@npm:^4.1.0":
  version: 4.1.2
  resolution: "chalk@npm:4.1.2"
  dependencies:
    ansi-styles: ^4.1.0
    supports-color: ^7.1.0
  checksum: fe75c9d5c76a7a98d45495b91b2172fa3b7a09e0cc9370e5c8feb1c567b85c4288e2b3fded7cfdd7359ac28d6b3844feb8b82b8686842e93d23c827c417e83fc
  languageName: node
  linkType: hard

"cliui@npm:^7.0.2":
  version: 7.0.4
  resolution: "cliui@npm:7.0.4"
  dependencies:
    string-width: ^4.2.0
    strip-ansi: ^6.0.0
    wrap-ansi: ^7.0.0
  checksum: ce2e8f578a4813806788ac399b9e866297740eecd4ad1823c27fd344d78b22c5f8597d548adbcc46f0573e43e21e751f39446c5a5e804a12aace402b7a315d7f
  languageName: node
  linkType: hard

"color-convert@npm:^2.0.1":
  version: 2.0.1
  resolution: "color-convert@npm:2.0.1"
  dependencies:
    color-name: ~1.1.4
  checksum: 79e6bdb9fd479a205c71d89574fccfb22bd9053bd98c6c4d870d65c132e5e904e6034978e55b43d69fcaa7433af2016ee203ce76eeba9cfa554b373e7f7db336
  languageName: node
  linkType: hard

"color-name@npm:~1.1.4":
  version: 1.1.4
  resolution: "color-name@npm:1.1.4"
  checksum: b0445859521eb4021cd0fb0cc1a75cecf67fceecae89b63f62b201cca8d345baf8b952c966862a9d9a2632987d4f6581f0ec8d957dfacece86f0a7919316f610
  languageName: node
  linkType: hard

"combined-stream@npm:^1.0.8":
  version: 1.0.8
  resolution: "combined-stream@npm:1.0.8"
  dependencies:
    delayed-stream: ~1.0.0
  checksum: 49fa4aeb4916567e33ea81d088f6584749fc90c7abec76fd516bf1c5aa5c79f3584b5ba3de6b86d26ddd64bae5329c4c7479343250cfe71c75bb366eae53bb7c
  languageName: node
  linkType: hard

"core-js@npm:3":
  version: 3.29.0
  resolution: "core-js@npm:3.29.0"
  checksum: 2bd69d783efcd2ef9197ce892a8b91d7b2fd86dddce805a3be0ff721013a2342eeab0f7d0b4b5548c1377b9846a8fb81485054efd39618b9d1a1fca04af81ccf
  languageName: node
  linkType: hard

"delayed-stream@npm:~1.0.0":
  version: 1.0.0
  resolution: "delayed-stream@npm:1.0.0"
  checksum: 46fe6e83e2cb1d85ba50bd52803c68be9bd953282fa7096f51fc29edd5d67ff84ff753c51966061e5ba7cb5e47ef6d36a91924eddb7f3f3483b1c560f77a0020
  languageName: node
  linkType: hard

"emoji-regex@npm:^8.0.0":
  version: 8.0.0
  resolution: "emoji-regex@npm:8.0.0"
  checksum: d4c5c39d5a9868b5fa152f00cada8a936868fd3367f33f71be515ecee4c803132d11b31a6222b2571b1e5f7e13890156a94880345594d0ce7e3c9895f560f192
  languageName: node
  linkType: hard

"escalade@npm:^3.1.1":
  version: 3.1.1
  resolution: "escalade@npm:3.1.1"
  checksum: a3e2a99f07acb74b3ad4989c48ca0c3140f69f923e56d0cba0526240ee470b91010f9d39001f2a4a313841d237ede70a729e92125191ba5d21e74b106800b133
  languageName: node
  linkType: hard

"form-data@npm:^3.0.0":
  version: 3.0.1
  resolution: "form-data@npm:3.0.1"
  dependencies:
    asynckit: ^0.4.0
    combined-stream: ^1.0.8
    mime-types: ^2.1.12
  checksum: b019e8d35c8afc14a2bd8a7a92fa4f525a4726b6d5a9740e8d2623c30e308fbb58dc8469f90415a856698933c8479b01646a9dff33c87cc4e76d72aedbbf860d
  languageName: node
  linkType: hard

"get-caller-file@npm:^2.0.5":
  version: 2.0.5
  resolution: "get-caller-file@npm:2.0.5"
  checksum: b9769a836d2a98c3ee734a88ba712e62703f1df31b94b784762c433c27a386dd6029ff55c2a920c392e33657d80191edbf18c61487e198844844516f843496b9
  languageName: node
  linkType: hard

"has-flag@npm:^4.0.0":
  version: 4.0.0
  resolution: "has-flag@npm:4.0.0"
  checksum: 261a1357037ead75e338156b1f9452c016a37dcd3283a972a30d9e4a87441ba372c8b81f818cd0fbcd9c0354b4ae7e18b9e1afa1971164aef6d18c2b6095a8ad
  languageName: node
  linkType: hard

"is-fullwidth-code-point@npm:^3.0.0":
  version: 3.0.0
  resolution: "is-fullwidth-code-point@npm:3.0.0"
  checksum: 44a30c29457c7fb8f00297bce733f0a64cd22eca270f83e58c105e0d015e45c019491a4ab2faef91ab51d4738c670daff901c799f6a700e27f7314029e99e348
  languageName: node
  linkType: hard

"long@npm:4.0.0":
  version: 4.0.0
  resolution: "long@npm:4.0.0"
  checksum: 16afbe8f749c7c849db1f4de4e2e6a31ac6e617cead3bdc4f9605cb703cd20e1e9fc1a7baba674ffcca57d660a6e5b53a9e236d7b25a295d3855cca79cc06744
  languageName: node
  linkType: hard

"mime-db@npm:1.52.0":
  version: 1.52.0
  resolution: "mime-db@npm:1.52.0"
  checksum: 0d99a03585f8b39d68182803b12ac601d9c01abfa28ec56204fa330bc9f3d1c5e14beb049bafadb3dbdf646dfb94b87e24d4ec7b31b7279ef906a8ea9b6a513f
  languageName: node
  linkType: hard

"mime-types@npm:^2.1.12":
  version: 2.1.35
  resolution: "mime-types@npm:2.1.35"
  dependencies:
    mime-db: 1.52.0
  checksum: 89a5b7f1def9f3af5dad6496c5ed50191ae4331cc5389d7c521c8ad28d5fdad2d06fd81baf38fed813dc4e46bb55c8145bb0ff406330818c9cf712fb2e9b3836
  languageName: node
  linkType: hard

"node-fetch@npm:~2.6.1":
  version: 2.6.9
  resolution: "node-fetch@npm:2.6.9"
  dependencies:
    whatwg-url: ^5.0.0
  peerDependencies:
    encoding: ^0.1.0
  peerDependenciesMeta:
    encoding:
      optional: true
  checksum: acb04f9ce7224965b2b59e71b33c639794d8991efd73855b0b250921382b38331ffc9d61bce502571f6cc6e11a8905ca9b1b6d4aeb586ab093e2756a1fd190d0
  languageName: node
  linkType: hard

"regenerator-runtime@npm:^0.13.5":
  version: 0.13.11
  resolution: "regenerator-runtime@npm:0.13.11"
  checksum: 27481628d22a1c4e3ff551096a683b424242a216fee44685467307f14d58020af1e19660bf2e26064de946bad7eff28950eae9f8209d55723e2d9351e632bbb4
  languageName: node
  linkType: hard

"require-directory@npm:^2.1.1":
  version: 2.1.1
  resolution: "require-directory@npm:2.1.1"
  checksum: fb47e70bf0001fdeabdc0429d431863e9475e7e43ea5f94ad86503d918423c1543361cc5166d713eaa7029dd7a3d34775af04764bebff99ef413111a5af18c80
  languageName: node
  linkType: hard

"root-workspace-0b6124@workspace:.":
  version: 0.0.0-use.local
  resolution: "root-workspace-0b6124@workspace:."
  dependencies:
    "@tensorflow/tfjs": ^4.2.0
  languageName: unknown
  linkType: soft

"safe-buffer@npm:~5.2.0":
  version: 5.2.1
  resolution: "safe-buffer@npm:5.2.1"
  checksum: b99c4b41fdd67a6aaf280fcd05e9ffb0813654894223afb78a31f14a19ad220bba8aba1cb14eddce1fcfb037155fe6de4e861784eb434f7d11ed58d1e70dd491
  languageName: node
  linkType: hard

"seedrandom@npm:^3.0.5":
  version: 3.0.5
  resolution: "seedrandom@npm:3.0.5"
  checksum: 728b56bc3bc1b9ddeabd381e449b51cb31bdc0aa86e27fcd0190cea8c44613d5bcb2f6bb63ed79f78180cbe791c20b8ec31a9627f7b7fc7f476fd2bdb7e2da9f
  languageName: node
  linkType: hard

"sprintf-js@npm:~1.0.2":
  version: 1.0.3
  resolution: "sprintf-js@npm:1.0.3"
  checksum: 19d79aec211f09b99ec3099b5b2ae2f6e9cdefe50bc91ac4c69144b6d3928a640bb6ae5b3def70c2e85a2c3d9f5ec2719921e3a59d3ca3ef4b2fd1a4656a0df3
  languageName: node
  linkType: hard

"string-width@npm:^4.1.0, string-width@npm:^4.2.0":
  version: 4.2.3
  resolution: "string-width@npm:4.2.3"
  dependencies:
    emoji-regex: ^8.0.0
    is-fullwidth-code-point: ^3.0.0
    strip-ansi: ^6.0.1
  checksum: e52c10dc3fbfcd6c3a15f159f54a90024241d0f149cf8aed2982a2d801d2e64df0bf1dc351cf8e95c3319323f9f220c16e740b06faecd53e2462df1d2b5443fb
  languageName: node
  linkType: hard

"string_decoder@npm:^1.3.0":
  version: 1.3.0
  resolution: "string_decoder@npm:1.3.0"
  dependencies:
    safe-buffer: ~5.2.0
  checksum: 8417646695a66e73aefc4420eb3b84cc9ffd89572861fe004e6aeb13c7bc00e2f616247505d2dbbef24247c372f70268f594af7126f43548565c68c117bdeb56
  languageName: node
  linkType: hard

"strip-ansi@npm:^6.0.0, strip-ansi@npm:^6.0.1":
  version: 6.0.1
  resolution: "strip-ansi@npm:6.0.1"
  dependencies:
    ansi-regex: ^5.0.1
  checksum: f3cd25890aef3ba6e1a74e20896c21a46f482e93df4a06567cebf2b57edabb15133f1f94e57434e0a958d61186087b1008e89c94875d019910a213181a14fc8c
  languageName: node
  linkType: hard

"supports-color@npm:^7.1.0":
  version: 7.2.0
  resolution: "supports-color@npm:7.2.0"
  dependencies:
    has-flag: ^4.0.0
  checksum: 3dda818de06ebbe5b9653e07842d9479f3555ebc77e9a0280caf5a14fb877ffee9ed57007c3b78f5a6324b8dbeec648d9e97a24e2ed9fdb81ddc69ea07100f4a
  languageName: node
  linkType: hard

"tr46@npm:~0.0.3":
  version: 0.0.3
  resolution: "tr46@npm:0.0.3"
  checksum: 726321c5eaf41b5002e17ffbd1fb7245999a073e8979085dacd47c4b4e8068ff5777142fc6726d6ca1fd2ff16921b48788b87225cbc57c72636f6efa8efbffe3
  languageName: node
  linkType: hard

"webidl-conversions@npm:^3.0.0":
  version: 3.0.1
  resolution: "webidl-conversions@npm:3.0.1"
  checksum: c92a0a6ab95314bde9c32e1d0a6dfac83b578f8fa5f21e675bc2706ed6981bc26b7eb7e6a1fab158e5ce4adf9caa4a0aee49a52505d4d13c7be545f15021b17c
  languageName: node
  linkType: hard

"whatwg-url@npm:^5.0.0":
  version: 5.0.0
  resolution: "whatwg-url@npm:5.0.0"
  dependencies:
    tr46: ~0.0.3
    webidl-conversions: ^3.0.0
  checksum: b8daed4ad3356cc4899048a15b2c143a9aed0dfae1f611ebd55073310c7b910f522ad75d727346ad64203d7e6c79ef25eafd465f4d12775ca44b90fa82ed9e2c
  languageName: node
  linkType: hard

"wrap-ansi@npm:^7.0.0":
  version: 7.0.0
  resolution: "wrap-ansi@npm:7.0.0"
  dependencies:
    ansi-styles: ^4.0.0
    string-width: ^4.1.0
    strip-ansi: ^6.0.0
  checksum: a790b846fd4505de962ba728a21aaeda189b8ee1c7568ca5e817d85930e06ef8d1689d49dbf0e881e8ef84436af3a88bc49115c2e2788d841ff1b8b5b51a608b
  languageName: node
  linkType: hard

"y18n@npm:^5.0.5":
  version: 5.0.8
  resolution: "y18n@npm:5.0.8"
  checksum: 54f0fb95621ee60898a38c572c515659e51cc9d9f787fb109cef6fde4befbe1c4602dc999d30110feee37456ad0f1660fa2edcfde6a9a740f86a290999550d30
  languageName: node
  linkType: hard

"yargs-parser@npm:^20.2.2":
  version: 20.2.9
  resolution: "yargs-parser@npm:20.2.9"
  checksum: 8bb69015f2b0ff9e17b2c8e6bfe224ab463dd00ca211eece72a4cd8a906224d2703fb8a326d36fdd0e68701e201b2a60ed7cf81ce0fd9b3799f9fe7745977ae3
  languageName: node
  linkType: hard

"yargs@npm:^16.0.3":
  version: 16.2.0
  resolution: "yargs@npm:16.2.0"
  dependencies:
    cliui: ^7.0.2
    escalade: ^3.1.1
    get-caller-file: ^2.0.5
    require-directory: ^2.1.1
    string-width: ^4.2.0
    y18n: ^5.0.5
    yargs-parser: ^20.2.2
  checksum: b14afbb51e3251a204d81937c86a7e9d4bdbf9a2bcee38226c900d00f522969ab675703bee2a6f99f8e20103f608382936034e64d921b74df82b63c07c5e8f59
  languageName: node
  linkType: hard
